
Microsoft Visual Studio Solution File, Format Version 12.00
# Visual Studio 15
VisualStudioVersion = 15.0.27703.2035
MinimumVisualStudioVersion = 10.0.40219.1
Project("{2150E333-8FDC-42A3-9474-1A3956D46DE8}") = "Infrastructure", "Infrastructure", "{63D3069E-C884-4A16-B748-35515165E76A}"
EndProject
Project("{2150E333-8FDC-42A3-9474-1A3956D46DE8}") = "Core", "Core", "{9D54A2B9-5294-488F-B565-9E1D9738E09D}"
EndProject
Project("{2150E333-8FDC-42A3-9474-1A3956D46DE8}") = "Implementations", "Implementations", "{CDA7BCBC-3744-4101-8E8D-034C76E2FBEF}"
EndProject
Project("{9A19103F-16F7-4668-BE54-9A1E7A4F7556}") = "Host", "Host\Host.csproj", "{6865E09C-CC6C-44A4-919A-682521848A03}"
EndProject
Project("{9A19103F-16F7-4668-BE54-9A1E7A4F7556}") = "Abstractions", "Infrastructure\Abstractions\Abstractions.csproj", "{845264E7-D74C-4042-BB78-9B8BD086A203}"
EndProject
Project("{9A19103F-16F7-4668-BE54-9A1E7A4F7556}") = "Helpers", "Infrastructure\Helpers\Helpers.csproj", "{036AE449-79EB-4A47-89D5-D66E82CE8DA6}"
EndProject
Project("{9A19103F-16F7-4668-BE54-9A1E7A4F7556}") = "MetadataDbAccess", "Core\MetadataDbAccess\MetadataDbAccess.csproj", "{D670C74F-5159-49F0-9903-A35E50E83514}"
EndProject
Project("{9A19103F-16F7-4668-BE54-9A1E7A4F7556}") = "Metadata", "Core\Metadata\Metadata.csproj", "{242F1DF0-F351-40B2-B143-7310665E6B5B}"
EndProject
Project("{9A19103F-16F7-4668-BE54-9A1E7A4F7556}") = "Runtime", "Core\Runtime\Runtime.csproj", "{92DCBC44-EB67-41DD-B629-4F427852005B}"
EndProject
Project("{2150E333-8FDC-42A3-9474-1A3956D46DE8}") = "EfCore", "EfCore", "{1AD5DB26-5349-4153-B38E-5292C1A392B9}"
EndProject
Project("{9A19103F-16F7-4668-BE54-9A1E7A4F7556}") = "EfCore.CodeGenerator", "Implementations\EfCore\CodeGenerator\EfCore.CodeGenerator.csproj", "{4A54F20C-3905-4289-BFD0-CB58E7E9CCF2}"
EndProject
Project("{9A19103F-16F7-4668-BE54-9A1E7A4F7556}") = "EfCore.BusinessDataAccess", "Implementations\EfCore\BusinessDataAccess\EfCore.BusinessDataAccess.csproj", "{BAC4257F-3790-4135-941D-3635578664F3}"
EndProject
Project("{9A19103F-16F7-4668-BE54-9A1E7A4F7556}") = "EfCore.All", "Implementations\EfCore\EfCore.All\EfCore.All.csproj", "{11DC61FD-ADB5-482D-A34D-2DACE8070F5F}"
EndProject
Project("{2150E333-8FDC-42A3-9474-1A3956D46DE8}") = "Solution Items", "Solution Items", "{B4766A19-4EEE-4D51-A436-51FAB4298567}"
	ProjectSection(SolutionItems) = preProject
		SolutionInfo.xml = SolutionInfo.xml
	EndProjectSection
EndProject
Project("{9A19103F-16F7-4668-BE54-9A1E7A4F7556}") = "SampleAuthServer", "Infrastructure\SampleAuthServer\SampleAuthServer.csproj", "{81F68BEE-DE92-47B9-9992-2F5045FDA82A}"
EndProject
Project("{9A19103F-16F7-4668-BE54-9A1E7A4F7556}") = "LobTools", "Infrastructure\LobTools\LobTools.csproj", "{D0F38F16-5150-4595-A1BE-C5262F77A21A}"
EndProject
Project("{2150E333-8FDC-42A3-9474-1A3956D46DE8}") = "InterfacesTo3rdParty", "InterfacesTo3rdParty", "{285231C9-A243-4037-AF79-FB1FF3A30148}"
EndProject
Project("{9A19103F-16F7-4668-BE54-9A1E7A4F7556}") = "RichTextDocumentHandling", "InterfacesTo3rdParty\RichTextDocumentHandling\RichTextDocumentHandling.csproj", "{54BAC022-E894-487D-B385-713439CED105}"
EndProject
Project("{2150E333-8FDC-42A3-9474-1A3956D46DE8}") = "Tests", "Tests", "{D61C1BF3-67B5-486C-A529-92236D4C4C5E}"
EndProject
Project("{9A19103F-16F7-4668-BE54-9A1E7A4F7556}") = "Describe.UnitTests", "Tests\Describe.UnitTests\Describe.UnitTests.csproj", "{5C2388E9-CB88-4331-85C3-9AFD4AAB1BFC}"
EndProject
Project("{9A19103F-16F7-4668-BE54-9A1E7A4F7556}") = "Lob.UnitTests", "Tests\Lob.UnitTests\Lob.UnitTests.csproj", "{3E00EF6D-D6D2-4D8E-B760-9C5334EB6E12}"
EndProject
Project("{2150E333-8FDC-42A3-9474-1A3956D46DE8}") = "Migrations", "Migrations", "{1D4F0FCA-4AC0-4037-9EBF-66872CFA9568}"
EndProject
Project("{9A19103F-16F7-4668-BE54-9A1E7A4F7556}") = "Migrations_Auth_MySql", "Migrations\Migrations_Auth_MySql\Migrations_Auth_MySql.csproj", "{9BCEDF3D-B978-47DB-93BF-8FF626F6002C}"
EndProject
Project("{2150E333-8FDC-42A3-9474-1A3956D46DE8}") = "Auth", "Auth", "{E5A1817E-C583-4F56-AE9D-BA601FB14670}"
EndProject
Project("{9A19103F-16F7-4668-BE54-9A1E7A4F7556}") = "AuthEntities", "Infrastructure\Auth\AuthEntities\AuthEntities.csproj", "{BDD93FE3-DC0F-429A-AF92-28B208EA9AE2}"
EndProject
Project("{FAE04EC0-301F-11D3-BF4B-00C04F79EFBC}") = "Migrations_Runtime_MySql", "Migrations\Migrations_Runtime_MySql\Migrations_Runtime_MySql.csproj", "{2A5FAF47-AC49-4920-B6F5-BE34208DC57A}"
EndProject
Project("{2150E333-8FDC-42A3-9474-1A3956D46DE8}") = "Lob", "Lob", "{77B84C69-DF6A-46D2-9A56-F66091E853EF}"
EndProject
Project("{FAE04EC0-301F-11D3-BF4B-00C04F79EFBC}") = "LobToolsEntities", "Infrastructure\Lob\LobToolsEntities\LobToolsEntities.csproj", "{7246BD63-3DDF-47AA-B2D6-60FDBBEFCC45}"
EndProject
Global
	GlobalSection(SolutionConfigurationPlatforms) = preSolution
		Debug|Any CPU = Debug|Any CPU
		Release|Any CPU = Release|Any CPU
	EndGlobalSection
	GlobalSection(ProjectConfigurationPlatforms) = postSolution
		{6865E09C-CC6C-44A4-919A-682521848A03}.Debug|Any CPU.ActiveCfg = Debug|Any CPU
		{6865E09C-CC6C-44A4-919A-682521848A03}.Debug|Any CPU.Build.0 = Debug|Any CPU
		{6865E09C-CC6C-44A4-919A-682521848A03}.Release|Any CPU.ActiveCfg = Release|Any CPU
		{6865E09C-CC6C-44A4-919A-682521848A03}.Release|Any CPU.Build.0 = Release|Any CPU
		{845264E7-D74C-4042-BB78-9B8BD086A203}.Debug|Any CPU.ActiveCfg = Debug|Any CPU
		{845264E7-D74C-4042-BB78-9B8BD086A203}.Debug|Any CPU.Build.0 = Debug|Any CPU
		{845264E7-D74C-4042-BB78-9B8BD086A203}.Release|Any CPU.ActiveCfg = Release|Any CPU
		{845264E7-D74C-4042-BB78-9B8BD086A203}.Release|Any CPU.Build.0 = Release|Any CPU
		{036AE449-79EB-4A47-89D5-D66E82CE8DA6}.Debug|Any CPU.ActiveCfg = Debug|Any CPU
		{036AE449-79EB-4A47-89D5-D66E82CE8DA6}.Debug|Any CPU.Build.0 = Debug|Any CPU
		{036AE449-79EB-4A47-89D5-D66E82CE8DA6}.Release|Any CPU.ActiveCfg = Release|Any CPU
		{036AE449-79EB-4A47-89D5-D66E82CE8DA6}.Release|Any CPU.Build.0 = Release|Any CPU
		{D670C74F-5159-49F0-9903-A35E50E83514}.Debug|Any CPU.ActiveCfg = Debug|Any CPU
		{D670C74F-5159-49F0-9903-A35E50E83514}.Debug|Any CPU.Build.0 = Debug|Any CPU
		{D670C74F-5159-49F0-9903-A35E50E83514}.Release|Any CPU.ActiveCfg = Release|Any CPU
		{D670C74F-5159-49F0-9903-A35E50E83514}.Release|Any CPU.Build.0 = Release|Any CPU
		{242F1DF0-F351-40B2-B143-7310665E6B5B}.Debug|Any CPU.ActiveCfg = Debug|Any CPU
		{242F1DF0-F351-40B2-B143-7310665E6B5B}.Debug|Any CPU.Build.0 = Debug|Any CPU
		{242F1DF0-F351-40B2-B143-7310665E6B5B}.Release|Any CPU.ActiveCfg = Release|Any CPU
		{242F1DF0-F351-40B2-B143-7310665E6B5B}.Release|Any CPU.Build.0 = Release|Any CPU
		{92DCBC44-EB67-41DD-B629-4F427852005B}.Debug|Any CPU.ActiveCfg = Debug|Any CPU
		{92DCBC44-EB67-41DD-B629-4F427852005B}.Debug|Any CPU.Build.0 = Debug|Any CPU
		{92DCBC44-EB67-41DD-B629-4F427852005B}.Release|Any CPU.ActiveCfg = Release|Any CPU
		{92DCBC44-EB67-41DD-B629-4F427852005B}.Release|Any CPU.Build.0 = Release|Any CPU
		{4A54F20C-3905-4289-BFD0-CB58E7E9CCF2}.Debug|Any CPU.ActiveCfg = Debug|Any CPU
		{4A54F20C-3905-4289-BFD0-CB58E7E9CCF2}.Debug|Any CPU.Build.0 = Debug|Any CPU
		{4A54F20C-3905-4289-BFD0-CB58E7E9CCF2}.Release|Any CPU.ActiveCfg = Release|Any CPU
		{4A54F20C-3905-4289-BFD0-CB58E7E9CCF2}.Release|Any CPU.Build.0 = Release|Any CPU
		{BAC4257F-3790-4135-941D-3635578664F3}.Debug|Any CPU.ActiveCfg = Debug|Any CPU
		{BAC4257F-3790-4135-941D-3635578664F3}.Debug|Any CPU.Build.0 = Debug|Any CPU
		{BAC4257F-3790-4135-941D-3635578664F3}.Release|Any CPU.ActiveCfg = Release|Any CPU
		{BAC4257F-3790-4135-941D-3635578664F3}.Release|Any CPU.Build.0 = Release|Any CPU
		{11DC61FD-ADB5-482D-A34D-2DACE8070F5F}.Debug|Any CPU.ActiveCfg = Debug|Any CPU
		{11DC61FD-ADB5-482D-A34D-2DACE8070F5F}.Debug|Any CPU.Build.0 = Debug|Any CPU
		{11DC61FD-ADB5-482D-A34D-2DACE8070F5F}.Release|Any CPU.ActiveCfg = Release|Any CPU
		{11DC61FD-ADB5-482D-A34D-2DACE8070F5F}.Release|Any CPU.Build.0 = Release|Any CPU
		{81F68BEE-DE92-47B9-9992-2F5045FDA82A}.Debug|Any CPU.ActiveCfg = Debug|Any CPU
		{81F68BEE-DE92-47B9-9992-2F5045FDA82A}.Debug|Any CPU.Build.0 = Debug|Any CPU
		{81F68BEE-DE92-47B9-9992-2F5045FDA82A}.Release|Any CPU.ActiveCfg = Release|Any CPU
		{81F68BEE-DE92-47B9-9992-2F5045FDA82A}.Release|Any CPU.Build.0 = Release|Any CPU
		{D0F38F16-5150-4595-A1BE-C5262F77A21A}.Debug|Any CPU.ActiveCfg = Debug|Any CPU
		{D0F38F16-5150-4595-A1BE-C5262F77A21A}.Debug|Any CPU.Build.0 = Debug|Any CPU
		{D0F38F16-5150-4595-A1BE-C5262F77A21A}.Release|Any CPU.ActiveCfg = Release|Any CPU
		{D0F38F16-5150-4595-A1BE-C5262F77A21A}.Release|Any CPU.Build.0 = Release|Any CPU
		{54BAC022-E894-487D-B385-713439CED105}.Debug|Any CPU.ActiveCfg = Debug|Any CPU
		{54BAC022-E894-487D-B385-713439CED105}.Debug|Any CPU.Build.0 = Debug|Any CPU
		{54BAC022-E894-487D-B385-713439CED105}.Release|Any CPU.ActiveCfg = Release|Any CPU
		{54BAC022-E894-487D-B385-713439CED105}.Release|Any CPU.Build.0 = Release|Any CPU
		{5C2388E9-CB88-4331-85C3-9AFD4AAB1BFC}.Debug|Any CPU.ActiveCfg = Debug|Any CPU
		{5C2388E9-CB88-4331-85C3-9AFD4AAB1BFC}.Debug|Any CPU.Build.0 = Debug|Any CPU
		{5C2388E9-CB88-4331-85C3-9AFD4AAB1BFC}.Release|Any CPU.ActiveCfg = Release|Any CPU
		{5C2388E9-CB88-4331-85C3-9AFD4AAB1BFC}.Release|Any CPU.Build.0 = Release|Any CPU
		{3E00EF6D-D6D2-4D8E-B760-9C5334EB6E12}.Debug|Any CPU.ActiveCfg = Debug|Any CPU
		{3E00EF6D-D6D2-4D8E-B760-9C5334EB6E12}.Debug|Any CPU.Build.0 = Debug|Any CPU
		{3E00EF6D-D6D2-4D8E-B760-9C5334EB6E12}.Release|Any CPU.ActiveCfg = Release|Any CPU
		{3E00EF6D-D6D2-4D8E-B760-9C5334EB6E12}.Release|Any CPU.Build.0 = Release|Any CPU
		{9BCEDF3D-B978-47DB-93BF-8FF626F6002C}.Debug|Any CPU.ActiveCfg = Debug|Any CPU
		{9BCEDF3D-B978-47DB-93BF-8FF626F6002C}.Debug|Any CPU.Build.0 = Debug|Any CPU
		{9BCEDF3D-B978-47DB-93BF-8FF626F6002C}.Release|Any CPU.ActiveCfg = Release|Any CPU
		{9BCEDF3D-B978-47DB-93BF-8FF626F6002C}.Release|Any CPU.Build.0 = Release|Any CPU
		{BDD93FE3-DC0F-429A-AF92-28B208EA9AE2}.Debug|Any CPU.ActiveCfg = Debug|Any CPU
		{BDD93FE3-DC0F-429A-AF92-28B208EA9AE2}.Debug|Any CPU.Build.0 = Debug|Any CPU
		{BDD93FE3-DC0F-429A-AF92-28B208EA9AE2}.Release|Any CPU.ActiveCfg = Release|Any CPU
		{BDD93FE3-DC0F-429A-AF92-28B208EA9AE2}.Release|Any CPU.Build.0 = Release|Any CPU
		{2A5FAF47-AC49-4920-B6F5-BE34208DC57A}.Debug|Any CPU.ActiveCfg = Debug|Any CPU
		{2A5FAF47-AC49-4920-B6F5-BE34208DC57A}.Debug|Any CPU.Build.0 = Debug|Any CPU
		{2A5FAF47-AC49-4920-B6F5-BE34208DC57A}.Release|Any CPU.ActiveCfg = Release|Any CPU
		{2A5FAF47-AC49-4920-B6F5-BE34208DC57A}.Release|Any CPU.Build.0 = Release|Any CPU
		{7246BD63-3DDF-47AA-B2D6-60FDBBEFCC45}.Debug|Any CPU.ActiveCfg = Debug|Any CPU
		{7246BD63-3DDF-47AA-B2D6-60FDBBEFCC45}.Debug|Any CPU.Build.0 = Debug|Any CPU
		{7246BD63-3DDF-47AA-B2D6-60FDBBEFCC45}.Release|Any CPU.ActiveCfg = Release|Any CPU
		{7246BD63-3DDF-47AA-B2D6-60FDBBEFCC45}.Release|Any CPU.Build.0 = Release|Any CPU
	EndGlobalSection
	GlobalSection(SolutionProperties) = preSolution
		HideSolutionNode = FALSE
	EndGlobalSection
	GlobalSection(NestedProjects) = preSolution
		{845264E7-D74C-4042-BB78-9B8BD086A203} = {63D3069E-C884-4A16-B748-35515165E76A}
		{036AE449-79EB-4A47-89D5-D66E82CE8DA6} = {63D3069E-C884-4A16-B748-35515165E76A}
		{D670C74F-5159-49F0-9903-A35E50E83514} = {9D54A2B9-5294-488F-B565-9E1D9738E09D}
		{242F1DF0-F351-40B2-B143-7310665E6B5B} = {9D54A2B9-5294-488F-B565-9E1D9738E09D}
		{92DCBC44-EB67-41DD-B629-4F427852005B} = {9D54A2B9-5294-488F-B565-9E1D9738E09D}
		{1AD5DB26-5349-4153-B38E-5292C1A392B9} = {CDA7BCBC-3744-4101-8E8D-034C76E2FBEF}
		{4A54F20C-3905-4289-BFD0-CB58E7E9CCF2} = {1AD5DB26-5349-4153-B38E-5292C1A392B9}
		{BAC4257F-3790-4135-941D-3635578664F3} = {1AD5DB26-5349-4153-B38E-5292C1A392B9}
		{11DC61FD-ADB5-482D-A34D-2DACE8070F5F} = {1AD5DB26-5349-4153-B38E-5292C1A392B9}
		{81F68BEE-DE92-47B9-9992-2F5045FDA82A} = {E5A1817E-C583-4F56-AE9D-BA601FB14670}
		{D0F38F16-5150-4595-A1BE-C5262F77A21A} = {77B84C69-DF6A-46D2-9A56-F66091E853EF}
		{54BAC022-E894-487D-B385-713439CED105} = {285231C9-A243-4037-AF79-FB1FF3A30148}
		{5C2388E9-CB88-4331-85C3-9AFD4AAB1BFC} = {D61C1BF3-67B5-486C-A529-92236D4C4C5E}
		{3E00EF6D-D6D2-4D8E-B760-9C5334EB6E12} = {D61C1BF3-67B5-486C-A529-92236D4C4C5E}
		{9BCEDF3D-B978-47DB-93BF-8FF626F6002C} = {1D4F0FCA-4AC0-4037-9EBF-66872CFA9568}
		{E5A1817E-C583-4F56-AE9D-BA601FB14670} = {63D3069E-C884-4A16-B748-35515165E76A}
		{BDD93FE3-DC0F-429A-AF92-28B208EA9AE2} = {E5A1817E-C583-4F56-AE9D-BA601FB14670}
		{2A5FAF47-AC49-4920-B6F5-BE34208DC57A} = {1D4F0FCA-4AC0-4037-9EBF-66872CFA9568}
		{77B84C69-DF6A-46D2-9A56-F66091E853EF} = {63D3069E-C884-4A16-B748-35515165E76A}
		{7246BD63-3DDF-47AA-B2D6-60FDBBEFCC45} = {77B84C69-DF6A-46D2-9A56-F66091E853EF}
	EndGlobalSection
	GlobalSection(ExtensibilityGlobals) = postSolution
		SolutionGuid = {80FA172E-CD42-4E4F-A1D2-AC3D48E03B87}
	EndGlobalSection
EndGlobal
