
Microsoft Visual Studio Solution File, Format Version 12.00
# Visual Studio 15
VisualStudioVersion = 15.0.27703.2035
MinimumVisualStudioVersion = 10.0.40219.1
Project("{2150E333-8FDC-42A3-9474-1A3956D46DE8}") = "Infrastructure", "Infrastructure", "{63D3069E-C884-4A16-B748-35515165E76A}"
EndProject
Project("{2150E333-8FDC-42A3-9474-1A3956D46DE8}") = "Core", "Core", "{9D54A2B9-5294-488F-B565-9E1D9738E09D}"
EndProject
Project("{2150E333-8FDC-42A3-9474-1A3956D46DE8}") = "Implementations", "Implementations", "{CDA7BCBC-3744-4101-8E8D-034C76E2FBEF}"
EndProject
Project("{9A19103F-16F7-4668-BE54-9A1E7A4F7556}") = "Host", "Host\Host.csproj", "{6865E09C-CC6C-44A4-919A-682521848A03}"
EndProject
Project("{9A19103F-16F7-4668-BE54-9A1E7A4F7556}") = "Abstractions", "Infrastructure\Abstractions\Abstractions.csproj", "{845264E7-D74C-4042-BB78-9B8BD086A203}"
EndProject
Project("{9A19103F-16F7-4668-BE54-9A1E7A4F7556}") = "Helpers", "Infrastructure\Helpers\Helpers.csproj", "{036AE449-79EB-4A47-89D5-D66E82CE8DA6}"
EndProject
Project("{9A19103F-16F7-4668-BE54-9A1E7A4F7556}") = "MetadataDbAccess", "Core\MetadataDbAccess\MetadataDbAccess.csproj", "{D670C74F-5159-49F0-9903-A35E50E83514}"
EndProject
Project("{9A19103F-16F7-4668-BE54-9A1E7A4F7556}") = "Metadata", "Core\Metadata\Metadata.csproj", "{242F1DF0-F351-40B2-B143-7310665E6B5B}"
EndProject
Project("{9A19103F-16F7-4668-BE54-9A1E7A4F7556}") = "Runtime", "Core\Runtime\Runtime.csproj", "{92DCBC44-EB67-41DD-B629-4F427852005B}"
EndProject
Project("{2150E333-8FDC-42A3-9474-1A3956D46DE8}") = "EfCore", "EfCore", "{1AD5DB26-5349-4153-B38E-5292C1A392B9}"
EndProject
Project("{9A19103F-16F7-4668-BE54-9A1E7A4F7556}") = "EfCore.CodeGenerator", "Implementations\EfCore\CodeGenerator\EfCore.CodeGenerator.csproj", "{4A54F20C-3905-4289-BFD0-CB58E7E9CCF2}"
EndProject
Project("{9A19103F-16F7-4668-BE54-9A1E7A4F7556}") = "EfCore.BusinessDataAccess", "Implementations\EfCore\BusinessDataAccess\EfCore.BusinessDataAccess.csproj", "{BAC4257F-3790-4135-941D-3635578664F3}"
EndProject
Project("{9A19103F-16F7-4668-BE54-9A1E7A4F7556}") = "EfCore.All", "Implementations\EfCore\EfCore.All\EfCore.All.csproj", "{11DC61FD-ADB5-482D-A34D-2DACE8070F5F}"
EndProject
Project("{2150E333-8FDC-42A3-9474-1A3956D46DE8}") = "Solution Items", "Solution Items", "{B4766A19-4EEE-4D51-A436-51FAB4298567}"
	ProjectSection(SolutionItems) = preProject
		SolutionInfo.xml = SolutionInfo.xml
	EndProjectSection
EndProject
Project("{9A19103F-16F7-4668-BE54-9A1E7A4F7556}") = "SampleAuthServer", "Infrastructure\SampleAuthServer\SampleAuthServer.csproj", "{81F68BEE-DE92-47B9-9992-2F5045FDA82A}"
EndProject
Project("{FAE04EC0-301F-11D3-BF4B-00C04F79EFBC}") = "LobTools", "Infrastructure\LobTools\LobTools.csproj", "{D0F38F16-5150-4595-A1BE-C5262F77A21A}"
EndProject
Global
	GlobalSection(SolutionConfigurationPlatforms) = preSolution
		Debug|Any CPU = Debug|Any CPU
		Release|Any CPU = Release|Any CPU
	EndGlobalSection
	GlobalSection(ProjectConfigurationPlatforms) = postSolution
		{6865E09C-CC6C-44A4-919A-682521848A03}.Debug|Any CPU.ActiveCfg = Debug|Any CPU
		{6865E09C-CC6C-44A4-919A-682521848A03}.Debug|Any CPU.Build.0 = Debug|Any CPU
		{6865E09C-CC6C-44A4-919A-682521848A03}.Release|Any CPU.ActiveCfg = Release|Any CPU
		{6865E09C-CC6C-44A4-919A-682521848A03}.Release|Any CPU.Build.0 = Release|Any CPU
		{845264E7-D74C-4042-BB78-9B8BD086A203}.Debug|Any CPU.ActiveCfg = Debug|Any CPU
		{845264E7-D74C-4042-BB78-9B8BD086A203}.Debug|Any CPU.Build.0 = Debug|Any CPU
		{845264E7-D74C-4042-BB78-9B8BD086A203}.Release|Any CPU.ActiveCfg = Release|Any CPU
		{845264E7-D74C-4042-BB78-9B8BD086A203}.Release|Any CPU.Build.0 = Release|Any CPU
		{036AE449-79EB-4A47-89D5-D66E82CE8DA6}.Debug|Any CPU.ActiveCfg = Debug|Any CPU
		{036AE449-79EB-4A47-89D5-D66E82CE8DA6}.Debug|Any CPU.Build.0 = Debug|Any CPU
		{036AE449-79EB-4A47-89D5-D66E82CE8DA6}.Release|Any CPU.ActiveCfg = Release|Any CPU
		{036AE449-79EB-4A47-89D5-D66E82CE8DA6}.Release|Any CPU.Build.0 = Release|Any CPU
		{D670C74F-5159-49F0-9903-A35E50E83514}.Debug|Any CPU.ActiveCfg = Debug|Any CPU
		{D670C74F-5159-49F0-9903-A35E50E83514}.Debug|Any CPU.Build.0 = Debug|Any CPU
		{D670C74F-5159-49F0-9903-A35E50E83514}.Release|Any CPU.ActiveCfg = Release|Any CPU
		{D670C74F-5159-49F0-9903-A35E50E83514}.Release|Any CPU.Build.0 = Release|Any CPU
		{242F1DF0-F351-40B2-B143-7310665E6B5B}.Debug|Any CPU.ActiveCfg = Debug|Any CPU
		{242F1DF0-F351-40B2-B143-7310665E6B5B}.Debug|Any CPU.Build.0 = Debug|Any CPU
		{242F1DF0-F351-40B2-B143-7310665E6B5B}.Release|Any CPU.ActiveCfg = Release|Any CPU
		{242F1DF0-F351-40B2-B143-7310665E6B5B}.Release|Any CPU.Build.0 = Release|Any CPU
		{92DCBC44-EB67-41DD-B629-4F427852005B}.Debug|Any CPU.ActiveCfg = Debug|Any CPU
		{92DCBC44-EB67-41DD-B629-4F427852005B}.Debug|Any CPU.Build.0 = Debug|Any CPU
		{92DCBC44-EB67-41DD-B629-4F427852005B}.Release|Any CPU.ActiveCfg = Release|Any CPU
		{92DCBC44-EB67-41DD-B629-4F427852005B}.Release|Any CPU.Build.0 = Release|Any CPU
		{4A54F20C-3905-4289-BFD0-CB58E7E9CCF2}.Debug|Any CPU.ActiveCfg = Debug|Any CPU
		{4A54F20C-3905-4289-BFD0-CB58E7E9CCF2}.Debug|Any CPU.Build.0 = Debug|Any CPU
		{4A54F20C-3905-4289-BFD0-CB58E7E9CCF2}.Release|Any CPU.ActiveCfg = Release|Any CPU
		{4A54F20C-3905-4289-BFD0-CB58E7E9CCF2}.Release|Any CPU.Build.0 = Release|Any CPU
		{BAC4257F-3790-4135-941D-3635578664F3}.Debug|Any CPU.ActiveCfg = Debug|Any CPU
		{BAC4257F-3790-4135-941D-3635578664F3}.Debug|Any CPU.Build.0 = Debug|Any CPU
		{BAC4257F-3790-4135-941D-3635578664F3}.Release|Any CPU.ActiveCfg = Release|Any CPU
		{BAC4257F-3790-4135-941D-3635578664F3}.Release|Any CPU.Build.0 = Release|Any CPU
		{11DC61FD-ADB5-482D-A34D-2DACE8070F5F}.Debug|Any CPU.ActiveCfg = Debug|Any CPU
		{11DC61FD-ADB5-482D-A34D-2DACE8070F5F}.Debug|Any CPU.Build.0 = Debug|Any CPU
		{11DC61FD-ADB5-482D-A34D-2DACE8070F5F}.Release|Any CPU.ActiveCfg = Release|Any CPU
		{11DC61FD-ADB5-482D-A34D-2DACE8070F5F}.Release|Any CPU.Build.0 = Release|Any CPU
		{81F68BEE-DE92-47B9-9992-2F5045FDA82A}.Debug|Any CPU.ActiveCfg = Debug|Any CPU
		{81F68BEE-DE92-47B9-9992-2F5045FDA82A}.Debug|Any CPU.Build.0 = Debug|Any CPU
		{81F68BEE-DE92-47B9-9992-2F5045FDA82A}.Release|Any CPU.ActiveCfg = Release|Any CPU
		{81F68BEE-DE92-47B9-9992-2F5045FDA82A}.Release|Any CPU.Build.0 = Release|Any CPU
		{D0F38F16-5150-4595-A1BE-C5262F77A21A}.Debug|Any CPU.ActiveCfg = Debug|Any CPU
		{D0F38F16-5150-4595-A1BE-C5262F77A21A}.Debug|Any CPU.Build.0 = Debug|Any CPU
		{D0F38F16-5150-4595-A1BE-C5262F77A21A}.Release|Any CPU.ActiveCfg = Release|Any CPU
		{D0F38F16-5150-4595-A1BE-C5262F77A21A}.Release|Any CPU.Build.0 = Release|Any CPU
	EndGlobalSection
	GlobalSection(SolutionProperties) = preSolution
		HideSolutionNode = FALSE
	EndGlobalSection
	GlobalSection(NestedProjects) = preSolution
		{845264E7-D74C-4042-BB78-9B8BD086A203} = {63D3069E-C884-4A16-B748-35515165E76A}
		{036AE449-79EB-4A47-89D5-D66E82CE8DA6} = {63D3069E-C884-4A16-B748-35515165E76A}
		{D670C74F-5159-49F0-9903-A35E50E83514} = {9D54A2B9-5294-488F-B565-9E1D9738E09D}
		{242F1DF0-F351-40B2-B143-7310665E6B5B} = {9D54A2B9-5294-488F-B565-9E1D9738E09D}
		{92DCBC44-EB67-41DD-B629-4F427852005B} = {9D54A2B9-5294-488F-B565-9E1D9738E09D}
		{1AD5DB26-5349-4153-B38E-5292C1A392B9} = {CDA7BCBC-3744-4101-8E8D-034C76E2FBEF}
		{4A54F20C-3905-4289-BFD0-CB58E7E9CCF2} = {1AD5DB26-5349-4153-B38E-5292C1A392B9}
		{BAC4257F-3790-4135-941D-3635578664F3} = {1AD5DB26-5349-4153-B38E-5292C1A392B9}
		{11DC61FD-ADB5-482D-A34D-2DACE8070F5F} = {1AD5DB26-5349-4153-B38E-5292C1A392B9}
		{81F68BEE-DE92-47B9-9992-2F5045FDA82A} = {63D3069E-C884-4A16-B748-35515165E76A}
		{D0F38F16-5150-4595-A1BE-C5262F77A21A} = {63D3069E-C884-4A16-B748-35515165E76A}
	EndGlobalSection
	GlobalSection(ExtensibilityGlobals) = postSolution
		SolutionGuid = {80FA172E-CD42-4E4F-A1D2-AC3D48E03B87}
	EndGlobalSection
EndGlobal
