
Microsoft Visual Studio Solution File, Format Version 12.00
# Visual Studio 15
VisualStudioVersion = 15.0.27703.2035
MinimumVisualStudioVersion = 10.0.40219.1
Project("{2150E333-8FDC-42A3-9474-1A3956D46DE8}") = "Infrastructure", "Infrastructure", "{63D3069E-C884-4A16-B748-35515165E76A}"
EndProject
Project("{2150E333-8FDC-42A3-9474-1A3956D46DE8}") = "Core", "Core", "{9D54A2B9-5294-488F-B565-9E1D9738E09D}"
EndProject
Project("{2150E333-8FDC-42A3-9474-1A3956D46DE8}") = "Implementations", "Implementations", "{CDA7BCBC-3744-4101-8E8D-034C76E2FBEF}"
EndProject
Project("{FAE04EC0-301F-11D3-BF4B-00C04F79EFBC}") = "Host", "Host\Host.csproj", "{6865E09C-CC6C-44A4-919A-682521848A03}"
EndProject
Global
	GlobalSection(SolutionConfigurationPlatforms) = preSolution
		Debug|Any CPU = Debug|Any CPU
		Release|Any CPU = Release|Any CPU
	EndGlobalSection
	GlobalSection(ProjectConfigurationPlatforms) = postSolution
		{6865E09C-CC6C-44A4-919A-682521848A03}.Debug|Any CPU.ActiveCfg = Debug|Any CPU
		{6865E09C-CC6C-44A4-919A-682521848A03}.Debug|Any CPU.Build.0 = Debug|Any CPU
		{6865E09C-CC6C-44A4-919A-682521848A03}.Release|Any CPU.ActiveCfg = Release|Any CPU
		{6865E09C-CC6C-44A4-919A-682521848A03}.Release|Any CPU.Build.0 = Release|Any CPU
	EndGlobalSection
	GlobalSection(SolutionProperties) = preSolution
		HideSolutionNode = FALSE
	EndGlobalSection
	GlobalSection(ExtensibilityGlobals) = postSolution
		SolutionGuid = {80FA172E-CD42-4E4F-A1D2-AC3D48E03B87}
	EndGlobalSection
EndGlobal
